
Microsoft Visual Studio Solution File, Format Version 12.00
# Visual Studio 15
VisualStudioVersion = 15.0.28307.438
MinimumVisualStudioVersion = 10.0.40219.1
Project("{2150E333-8FDC-42A3-9474-1A3956D46DE8}") = "Algorithmic Toolbox", "Algorithmic Toolbox", "{21672AA3-B4FE-4128-9198-C6D08846B30E}"
EndProject
Project("{8BC9CEB8-8B4A-11D0-8D11-00A0C91BC942}") = "APlusB", "Algorithmic Toolbox\APlusB\APlusB.vcxproj", "{BDEEF914-7554-4090-93F3-8029E51A322A}"
EndProject
Project("{8BC9CEB8-8B4A-11D0-8D11-00A0C91BC942}") = "MaxPairwiseProduct", "Algorithmic Toolbox\MaxPairwiseProduct\MaxPairwiseProduct.vcxproj", "{2BA43BCE-2023-4DFE-83E6-C4D7AB4C1A3F}"
EndProject
Project("{8BC9CEB8-8B4A-11D0-8D11-00A0C91BC942}") = "Fibnacci", "Fibnacci\Fibnacci.vcxproj", "{628DB90F-7E7F-4552-9AB9-54A51287459B}"
EndProject
Project("{8BC9CEB8-8B4A-11D0-8D11-00A0C91BC942}") = "GCD", "GCD\GCD.vcxproj", "{71A8CCB4-3DAF-4457-86CC-54981B150C33}"
EndProject
Project("{8BC9CEB8-8B4A-11D0-8D11-00A0C91BC942}") = "FibonacciLastDigit", "Algorithmic Toolbox\FibonacciLastDigit\FibonacciLastDigit.vcxproj", "{72C99E43-4A72-4C3C-BDC4-D96CEBBFFEE5}"
EndProject
Global
	GlobalSection(SolutionConfigurationPlatforms) = preSolution
		Debug|x64 = Debug|x64
		Debug|x86 = Debug|x86
		Release|x64 = Release|x64
		Release|x86 = Release|x86
	EndGlobalSection
	GlobalSection(ProjectConfigurationPlatforms) = postSolution
		{BDEEF914-7554-4090-93F3-8029E51A322A}.Debug|x64.ActiveCfg = Debug|x64
		{BDEEF914-7554-4090-93F3-8029E51A322A}.Debug|x64.Build.0 = Debug|x64
		{BDEEF914-7554-4090-93F3-8029E51A322A}.Debug|x86.ActiveCfg = Debug|Win32
		{BDEEF914-7554-4090-93F3-8029E51A322A}.Debug|x86.Build.0 = Debug|Win32
		{BDEEF914-7554-4090-93F3-8029E51A322A}.Release|x64.ActiveCfg = Release|x64
		{BDEEF914-7554-4090-93F3-8029E51A322A}.Release|x64.Build.0 = Release|x64
		{BDEEF914-7554-4090-93F3-8029E51A322A}.Release|x86.ActiveCfg = Release|Win32
		{BDEEF914-7554-4090-93F3-8029E51A322A}.Release|x86.Build.0 = Release|Win32
		{2BA43BCE-2023-4DFE-83E6-C4D7AB4C1A3F}.Debug|x64.ActiveCfg = Debug|x64
		{2BA43BCE-2023-4DFE-83E6-C4D7AB4C1A3F}.Debug|x64.Build.0 = Debug|x64
		{2BA43BCE-2023-4DFE-83E6-C4D7AB4C1A3F}.Debug|x86.ActiveCfg = Debug|Win32
		{2BA43BCE-2023-4DFE-83E6-C4D7AB4C1A3F}.Debug|x86.Build.0 = Debug|Win32
		{2BA43BCE-2023-4DFE-83E6-C4D7AB4C1A3F}.Release|x64.ActiveCfg = Release|x64
		{2BA43BCE-2023-4DFE-83E6-C4D7AB4C1A3F}.Release|x64.Build.0 = Release|x64
		{2BA43BCE-2023-4DFE-83E6-C4D7AB4C1A3F}.Release|x86.ActiveCfg = Release|Win32
		{2BA43BCE-2023-4DFE-83E6-C4D7AB4C1A3F}.Release|x86.Build.0 = Release|Win32
		{628DB90F-7E7F-4552-9AB9-54A51287459B}.Debug|x64.ActiveCfg = Debug|x64
		{628DB90F-7E7F-4552-9AB9-54A51287459B}.Debug|x64.Build.0 = Debug|x64
		{628DB90F-7E7F-4552-9AB9-54A51287459B}.Debug|x86.ActiveCfg = Debug|Win32
		{628DB90F-7E7F-4552-9AB9-54A51287459B}.Debug|x86.Build.0 = Debug|Win32
		{628DB90F-7E7F-4552-9AB9-54A51287459B}.Release|x64.ActiveCfg = Release|x64
		{628DB90F-7E7F-4552-9AB9-54A51287459B}.Release|x64.Build.0 = Release|x64
		{628DB90F-7E7F-4552-9AB9-54A51287459B}.Release|x86.ActiveCfg = Release|Win32
		{628DB90F-7E7F-4552-9AB9-54A51287459B}.Release|x86.Build.0 = Release|Win32
		{71A8CCB4-3DAF-4457-86CC-54981B150C33}.Debug|x64.ActiveCfg = Debug|x64
		{71A8CCB4-3DAF-4457-86CC-54981B150C33}.Debug|x64.Build.0 = Debug|x64
		{71A8CCB4-3DAF-4457-86CC-54981B150C33}.Debug|x86.ActiveCfg = Debug|Win32
		{71A8CCB4-3DAF-4457-86CC-54981B150C33}.Debug|x86.Build.0 = Debug|Win32
		{71A8CCB4-3DAF-4457-86CC-54981B150C33}.Release|x64.ActiveCfg = Release|x64
		{71A8CCB4-3DAF-4457-86CC-54981B150C33}.Release|x64.Build.0 = Release|x64
		{71A8CCB4-3DAF-4457-86CC-54981B150C33}.Release|x86.ActiveCfg = Release|Win32
		{71A8CCB4-3DAF-4457-86CC-54981B150C33}.Release|x86.Build.0 = Release|Win32
		{72C99E43-4A72-4C3C-BDC4-D96CEBBFFEE5}.Debug|x64.ActiveCfg = Debug|x64
		{72C99E43-4A72-4C3C-BDC4-D96CEBBFFEE5}.Debug|x64.Build.0 = Debug|x64
		{72C99E43-4A72-4C3C-BDC4-D96CEBBFFEE5}.Debug|x86.ActiveCfg = Debug|Win32
		{72C99E43-4A72-4C3C-BDC4-D96CEBBFFEE5}.Debug|x86.Build.0 = Debug|Win32
		{72C99E43-4A72-4C3C-BDC4-D96CEBBFFEE5}.Release|x64.ActiveCfg = Release|x64
		{72C99E43-4A72-4C3C-BDC4-D96CEBBFFEE5}.Release|x64.Build.0 = Release|x64
		{72C99E43-4A72-4C3C-BDC4-D96CEBBFFEE5}.Release|x86.ActiveCfg = Release|Win32
		{72C99E43-4A72-4C3C-BDC4-D96CEBBFFEE5}.Release|x86.Build.0 = Release|Win32
	EndGlobalSection
	GlobalSection(SolutionProperties) = preSolution
		HideSolutionNode = FALSE
	EndGlobalSection
	GlobalSection(NestedProjects) = preSolution
		{BDEEF914-7554-4090-93F3-8029E51A322A} = {21672AA3-B4FE-4128-9198-C6D08846B30E}
		{2BA43BCE-2023-4DFE-83E6-C4D7AB4C1A3F} = {21672AA3-B4FE-4128-9198-C6D08846B30E}
		{628DB90F-7E7F-4552-9AB9-54A51287459B} = {21672AA3-B4FE-4128-9198-C6D08846B30E}
		{71A8CCB4-3DAF-4457-86CC-54981B150C33} = {21672AA3-B4FE-4128-9198-C6D08846B30E}
		{72C99E43-4A72-4C3C-BDC4-D96CEBBFFEE5} = {21672AA3-B4FE-4128-9198-C6D08846B30E}
	EndGlobalSection
	GlobalSection(ExtensibilityGlobals) = postSolution
		SolutionGuid = {412B26DA-2678-42AB-8CEF-46FAA4A21408}
	EndGlobalSection
EndGlobal
