
Microsoft Visual Studio Solution File, Format Version 12.00
# Visual Studio 15
VisualStudioVersion = 15.0.28307.438
MinimumVisualStudioVersion = 10.0.40219.1
Project("{2150E333-8FDC-42A3-9474-1A3956D46DE8}") = "Algorithmic Toolbox", "Algorithmic Toolbox", "{21672AA3-B4FE-4128-9198-C6D08846B30E}"
EndProject
Project("{8BC9CEB8-8B4A-11D0-8D11-00A0C91BC942}") = "APlusB", "Algorithmic Toolbox\APlusB\APlusB.vcxproj", "{BDEEF914-7554-4090-93F3-8029E51A322A}"
EndProject
Project("{8BC9CEB8-8B4A-11D0-8D11-00A0C91BC942}") = "MaxPairwiseProduct", "Algorithmic Toolbox\MaxPairwiseProduct\MaxPairwiseProduct.vcxproj", "{2BA43BCE-2023-4DFE-83E6-C4D7AB4C1A3F}"
EndProject
Project("{8BC9CEB8-8B4A-11D0-8D11-00A0C91BC942}") = "Fibnacci", "Fibnacci\Fibnacci.vcxproj", "{628DB90F-7E7F-4552-9AB9-54A51287459B}"
EndProject
Project("{8BC9CEB8-8B4A-11D0-8D11-00A0C91BC942}") = "GCD", "GCD\GCD.vcxproj", "{71A8CCB4-3DAF-4457-86CC-54981B150C33}"
EndProject
Project("{8BC9CEB8-8B4A-11D0-8D11-00A0C91BC942}") = "FibonacciLastDigit", "Algorithmic Toolbox\FibonacciLastDigit\FibonacciLastDigit.vcxproj", "{72C99E43-4A72-4C3C-BDC4-D96CEBBFFEE5}"
EndProject
Project("{8BC9CEB8-8B4A-11D0-8D11-00A0C91BC942}") = "LCM", "Algorithmic Toolbox\LCM\LCM.vcxproj", "{AA7E3332-97E8-400F-9347-4CEAE547B0D6}"
EndProject
Project("{8BC9CEB8-8B4A-11D0-8D11-00A0C91BC942}") = "FibonacciHuge", "Algorithmic Toolbox\FibonacciHuge\FibonacciHuge.vcxproj", "{3E2441F9-46F1-4927-9472-958339D9F072}"
EndProject
Project("{8BC9CEB8-8B4A-11D0-8D11-00A0C91BC942}") = "LargestNumber", "Algorithmic Toolbox\LargestNumber\LargestNumber.vcxproj", "{73B0469E-42D7-4926-BA52-3F1BD5E1C174}"
EndProject
Project("{8BC9CEB8-8B4A-11D0-8D11-00A0C91BC942}") = "MinCarRefuelStops", "Algorithmic Toolbox\MinCarRefuelStops\MinCarRefuelStops.vcxproj", "{A506B21F-455E-4EEC-9F00-3083D818B408}"
EndProject
Project("{8BC9CEB8-8B4A-11D0-8D11-00A0C91BC942}") = "GroupChildren", "Algorithmic Toolbox\GroupChildren\GroupChildren.vcxproj", "{FBA6D898-AEFA-4A8B-8660-67DA4BF440F3}"
EndProject
Project("{8BC9CEB8-8B4A-11D0-8D11-00A0C91BC942}") = "MoneyChange", "Algorithmic Toolbox\MoneyChange\MoneyChange.vcxproj", "{ABA46636-75C8-4C97-9276-25E746AEDCC5}"
EndProject
Project("{8BC9CEB8-8B4A-11D0-8D11-00A0C91BC942}") = "MaximumLoot", "Algorithmic Toolbox\MaximumLoot\MaximumLoot.vcxproj", "{E5A4AEC8-1B15-4A69-9872-CF1CDAEF3A0F}"
EndProject
Project("{8BC9CEB8-8B4A-11D0-8D11-00A0C91BC942}") = "MaxAdvertisementRevenue", "Algorithmic Toolbox\MaxAdvertisementRevenue\MaxAdvertisementRevenue.vcxproj", "{E5727695-22AB-4765-9919-B1D134A6893F}"
EndProject
Project("{8BC9CEB8-8B4A-11D0-8D11-00A0C91BC942}") = "CollectingSignatures", "Algorithmic Toolbox\CollectingSignatures\CollectingSignatures.vcxproj", "{D56F83E4-B210-48CE-8D82-7AF112E0515B}"
EndProject
Project("{8BC9CEB8-8B4A-11D0-8D11-00A0C91BC942}") = "MaxNumOfPrizes", "Algorithmic Toolbox\MaxNumOfPrizes\MaxNumOfPrizes.vcxproj", "{AF098643-5BC0-41DF-8653-2D08DEF1CBA4}"
EndProject
Project("{2150E333-8FDC-42A3-9474-1A3956D46DE8}") = "Week4", "Week4", "{5A72BC42-0D9B-4B82-9F55-F32FF2C3989B}"
EndProject
Project("{8BC9CEB8-8B4A-11D0-8D11-00A0C91BC942}") = "LinearSearch", "Algorithmic Toolbox\Week4\LinearSearch\LinearSearch.vcxproj", "{324D8198-82FC-454A-AE78-BFA8B9AA0549}"
EndProject
Project("{2150E333-8FDC-42A3-9474-1A3956D46DE8}") = "Week3", "Week3", "{8A56116F-0F1D-4F62-95CE-EB0FB71BBF8B}"
EndProject
Project("{2150E333-8FDC-42A3-9474-1A3956D46DE8}") = "Week2", "Week2", "{D5DE7511-0FC9-4609-876C-EC0F1E8A4F57}"
EndProject
Project("{2150E333-8FDC-42A3-9474-1A3956D46DE8}") = "Week1", "Week1", "{93C9A468-7638-4045-A84F-188B2B42FCD9}"
EndProject
Project("{8BC9CEB8-8B4A-11D0-8D11-00A0C91BC942}") = "BinarySearch", "Algorithmic Toolbox\Week4\BinarySearch\BinarySearch.vcxproj", "{2D2A0C14-01DE-47DB-B756-AD1A3364BB64}"
EndProject
Project("{8BC9CEB8-8B4A-11D0-8D11-00A0C91BC942}") = "PolynomialMultiplication", "Algorithmic Toolbox\Week4\PolynomialMultiplication\PolynomialMultiplication.vcxproj", "{2FD603AC-8D0C-410C-9085-D64977D80EDA}"
EndProject
Project("{8BC9CEB8-8B4A-11D0-8D11-00A0C91BC942}") = "SelectionSort", "Algorithmic Toolbox\Week4\SelectionSort\SelectionSort.vcxproj", "{2F0FD0C6-EC3D-46B4-A9AA-CCF584A40532}"
EndProject
Project("{8BC9CEB8-8B4A-11D0-8D11-00A0C91BC942}") = "MergeSort", "Algorithmic Toolbox\Week4\MergeSort\MergeSort.vcxproj", "{88F3B6CD-FD00-44BE-865E-2037A214D7B4}"
EndProject
Project("{8BC9CEB8-8B4A-11D0-8D11-00A0C91BC942}") = "InsertionSort", "Algorithmic Toolbox\Week4\InsertionSort\InsertionSort.vcxproj", "{69D128F5-B89E-43D2-A75A-154B5B8965EC}"
EndProject
Project("{8BC9CEB8-8B4A-11D0-8D11-00A0C91BC942}") = "CountSort", "Algorithmic Toolbox\Week4\CountSort\CountSort.vcxproj", "{8C070D11-5200-47BD-B534-1E45C4C2DB3A}"
EndProject
Project("{8BC9CEB8-8B4A-11D0-8D11-00A0C91BC942}") = "QuickSort", "Algorithmic Toolbox\Week4\QuickSort\QuickSort.vcxproj", "{3F136C69-0240-4638-9138-FCFD79B73641}"
EndProject
Project("{8BC9CEB8-8B4A-11D0-8D11-00A0C91BC942}") = "RandomizedQuickSort", "Algorithmic Toolbox\Week4\RandomizedQuickSort\RandomizedQuickSort.vcxproj", "{27656AFD-DC11-4E6D-8620-113B79DB1D25}"
EndProject
Project("{8BC9CEB8-8B4A-11D0-8D11-00A0C91BC942}") = "OptimizedRandomizedQuikSort", "Algorithmic Toolbox\Week4\OptimizedRandomizedQuikSort\OptimizedRandomizedQuikSort.vcxproj", "{D84E0FA9-229C-46E5-94B5-2852F43C1719}"
EndProject
Project("{8BC9CEB8-8B4A-11D0-8D11-00A0C91BC942}") = "TailCallOptimizedQuickSort", "Algorithmic Toolbox\Week4\TailCallOptimizedQuickSort\TailCallOptimizedQuickSort.vcxproj", "{04BF6AB3-6D38-4FD8-99A3-C3DDF262233D}"
EndProject
Project("{8BC9CEB8-8B4A-11D0-8D11-00A0C91BC942}") = "MajorityElement", "Algorithmic Toolbox\Week4\MajorityElement\MajorityElement.vcxproj", "{B0BC7712-FF7F-4601-8FBA-2043272896E7}"
EndProject
Project("{8BC9CEB8-8B4A-11D0-8D11-00A0C91BC942}") = "Inversions", "Algorithmic Toolbox\Week4\Inversions\Inversions.vcxproj", "{91DDE319-D1CD-4CC7-B001-A169DB5F07B2}"
EndProject
Project("{8BC9CEB8-8B4A-11D0-8D11-00A0C91BC942}") = "Lottery", "Algorithmic Toolbox\Week4\Lottery\Lottery.vcxproj", "{33FE7C93-B7F9-4819-AE79-BC5AF8CA2D57}"
EndProject
Project("{2150E333-8FDC-42A3-9474-1A3956D46DE8}") = "Week5", "Week5", "{23B7740B-0FE3-4821-A92D-E2817F28ED2E}"
EndProject
Project("{8BC9CEB8-8B4A-11D0-8D11-00A0C91BC942}") = "CoinChange", "Algorithmic Toolbox\Week5\CoinChange\CoinChange.vcxproj", "{B2CA14C7-67A9-4562-81C2-4E40FAE06A04}"
EndProject
Project("{8BC9CEB8-8B4A-11D0-8D11-00A0C91BC942}") = "EditDistance", "Algorithmic Toolbox\Week5\EditDistance\EditDistance.vcxproj", "{DD6E445B-81C0-4AAB-9F7D-BF73DF441613}"
EndProject
Project("{8BC9CEB8-8B4A-11D0-8D11-00A0C91BC942}") = "LCS2Strings", "Algorithmic Toolbox\Week5\LCS2Strings\LCS2Strings.vcxproj", "{F85B79CA-AEBA-477F-958F-C09FCB0CBC5D}"
EndProject
Global
	GlobalSection(SolutionConfigurationPlatforms) = preSolution
		Debug|x64 = Debug|x64
		Debug|x86 = Debug|x86
		Release|x64 = Release|x64
		Release|x86 = Release|x86
	EndGlobalSection
	GlobalSection(ProjectConfigurationPlatforms) = postSolution
		{BDEEF914-7554-4090-93F3-8029E51A322A}.Debug|x64.ActiveCfg = Debug|x64
		{BDEEF914-7554-4090-93F3-8029E51A322A}.Debug|x64.Build.0 = Debug|x64
		{BDEEF914-7554-4090-93F3-8029E51A322A}.Debug|x86.ActiveCfg = Debug|Win32
		{BDEEF914-7554-4090-93F3-8029E51A322A}.Debug|x86.Build.0 = Debug|Win32
		{BDEEF914-7554-4090-93F3-8029E51A322A}.Release|x64.ActiveCfg = Release|x64
		{BDEEF914-7554-4090-93F3-8029E51A322A}.Release|x64.Build.0 = Release|x64
		{BDEEF914-7554-4090-93F3-8029E51A322A}.Release|x86.ActiveCfg = Release|Win32
		{BDEEF914-7554-4090-93F3-8029E51A322A}.Release|x86.Build.0 = Release|Win32
		{2BA43BCE-2023-4DFE-83E6-C4D7AB4C1A3F}.Debug|x64.ActiveCfg = Debug|x64
		{2BA43BCE-2023-4DFE-83E6-C4D7AB4C1A3F}.Debug|x64.Build.0 = Debug|x64
		{2BA43BCE-2023-4DFE-83E6-C4D7AB4C1A3F}.Debug|x86.ActiveCfg = Debug|Win32
		{2BA43BCE-2023-4DFE-83E6-C4D7AB4C1A3F}.Debug|x86.Build.0 = Debug|Win32
		{2BA43BCE-2023-4DFE-83E6-C4D7AB4C1A3F}.Release|x64.ActiveCfg = Release|x64
		{2BA43BCE-2023-4DFE-83E6-C4D7AB4C1A3F}.Release|x64.Build.0 = Release|x64
		{2BA43BCE-2023-4DFE-83E6-C4D7AB4C1A3F}.Release|x86.ActiveCfg = Release|Win32
		{2BA43BCE-2023-4DFE-83E6-C4D7AB4C1A3F}.Release|x86.Build.0 = Release|Win32
		{628DB90F-7E7F-4552-9AB9-54A51287459B}.Debug|x64.ActiveCfg = Debug|x64
		{628DB90F-7E7F-4552-9AB9-54A51287459B}.Debug|x64.Build.0 = Debug|x64
		{628DB90F-7E7F-4552-9AB9-54A51287459B}.Debug|x86.ActiveCfg = Debug|Win32
		{628DB90F-7E7F-4552-9AB9-54A51287459B}.Debug|x86.Build.0 = Debug|Win32
		{628DB90F-7E7F-4552-9AB9-54A51287459B}.Release|x64.ActiveCfg = Release|x64
		{628DB90F-7E7F-4552-9AB9-54A51287459B}.Release|x64.Build.0 = Release|x64
		{628DB90F-7E7F-4552-9AB9-54A51287459B}.Release|x86.ActiveCfg = Release|Win32
		{628DB90F-7E7F-4552-9AB9-54A51287459B}.Release|x86.Build.0 = Release|Win32
		{71A8CCB4-3DAF-4457-86CC-54981B150C33}.Debug|x64.ActiveCfg = Debug|x64
		{71A8CCB4-3DAF-4457-86CC-54981B150C33}.Debug|x64.Build.0 = Debug|x64
		{71A8CCB4-3DAF-4457-86CC-54981B150C33}.Debug|x86.ActiveCfg = Debug|Win32
		{71A8CCB4-3DAF-4457-86CC-54981B150C33}.Debug|x86.Build.0 = Debug|Win32
		{71A8CCB4-3DAF-4457-86CC-54981B150C33}.Release|x64.ActiveCfg = Release|x64
		{71A8CCB4-3DAF-4457-86CC-54981B150C33}.Release|x64.Build.0 = Release|x64
		{71A8CCB4-3DAF-4457-86CC-54981B150C33}.Release|x86.ActiveCfg = Release|Win32
		{71A8CCB4-3DAF-4457-86CC-54981B150C33}.Release|x86.Build.0 = Release|Win32
		{72C99E43-4A72-4C3C-BDC4-D96CEBBFFEE5}.Debug|x64.ActiveCfg = Debug|x64
		{72C99E43-4A72-4C3C-BDC4-D96CEBBFFEE5}.Debug|x64.Build.0 = Debug|x64
		{72C99E43-4A72-4C3C-BDC4-D96CEBBFFEE5}.Debug|x86.ActiveCfg = Debug|Win32
		{72C99E43-4A72-4C3C-BDC4-D96CEBBFFEE5}.Debug|x86.Build.0 = Debug|Win32
		{72C99E43-4A72-4C3C-BDC4-D96CEBBFFEE5}.Release|x64.ActiveCfg = Release|x64
		{72C99E43-4A72-4C3C-BDC4-D96CEBBFFEE5}.Release|x64.Build.0 = Release|x64
		{72C99E43-4A72-4C3C-BDC4-D96CEBBFFEE5}.Release|x86.ActiveCfg = Release|Win32
		{72C99E43-4A72-4C3C-BDC4-D96CEBBFFEE5}.Release|x86.Build.0 = Release|Win32
		{AA7E3332-97E8-400F-9347-4CEAE547B0D6}.Debug|x64.ActiveCfg = Debug|x64
		{AA7E3332-97E8-400F-9347-4CEAE547B0D6}.Debug|x64.Build.0 = Debug|x64
		{AA7E3332-97E8-400F-9347-4CEAE547B0D6}.Debug|x86.ActiveCfg = Debug|Win32
		{AA7E3332-97E8-400F-9347-4CEAE547B0D6}.Debug|x86.Build.0 = Debug|Win32
		{AA7E3332-97E8-400F-9347-4CEAE547B0D6}.Release|x64.ActiveCfg = Release|x64
		{AA7E3332-97E8-400F-9347-4CEAE547B0D6}.Release|x64.Build.0 = Release|x64
		{AA7E3332-97E8-400F-9347-4CEAE547B0D6}.Release|x86.ActiveCfg = Release|Win32
		{AA7E3332-97E8-400F-9347-4CEAE547B0D6}.Release|x86.Build.0 = Release|Win32
		{3E2441F9-46F1-4927-9472-958339D9F072}.Debug|x64.ActiveCfg = Debug|x64
		{3E2441F9-46F1-4927-9472-958339D9F072}.Debug|x64.Build.0 = Debug|x64
		{3E2441F9-46F1-4927-9472-958339D9F072}.Debug|x86.ActiveCfg = Debug|Win32
		{3E2441F9-46F1-4927-9472-958339D9F072}.Debug|x86.Build.0 = Debug|Win32
		{3E2441F9-46F1-4927-9472-958339D9F072}.Release|x64.ActiveCfg = Release|x64
		{3E2441F9-46F1-4927-9472-958339D9F072}.Release|x64.Build.0 = Release|x64
		{3E2441F9-46F1-4927-9472-958339D9F072}.Release|x86.ActiveCfg = Release|Win32
		{3E2441F9-46F1-4927-9472-958339D9F072}.Release|x86.Build.0 = Release|Win32
		{73B0469E-42D7-4926-BA52-3F1BD5E1C174}.Debug|x64.ActiveCfg = Debug|x64
		{73B0469E-42D7-4926-BA52-3F1BD5E1C174}.Debug|x64.Build.0 = Debug|x64
		{73B0469E-42D7-4926-BA52-3F1BD5E1C174}.Debug|x86.ActiveCfg = Debug|Win32
		{73B0469E-42D7-4926-BA52-3F1BD5E1C174}.Debug|x86.Build.0 = Debug|Win32
		{73B0469E-42D7-4926-BA52-3F1BD5E1C174}.Release|x64.ActiveCfg = Release|x64
		{73B0469E-42D7-4926-BA52-3F1BD5E1C174}.Release|x64.Build.0 = Release|x64
		{73B0469E-42D7-4926-BA52-3F1BD5E1C174}.Release|x86.ActiveCfg = Release|Win32
		{73B0469E-42D7-4926-BA52-3F1BD5E1C174}.Release|x86.Build.0 = Release|Win32
		{A506B21F-455E-4EEC-9F00-3083D818B408}.Debug|x64.ActiveCfg = Debug|x64
		{A506B21F-455E-4EEC-9F00-3083D818B408}.Debug|x64.Build.0 = Debug|x64
		{A506B21F-455E-4EEC-9F00-3083D818B408}.Debug|x86.ActiveCfg = Debug|Win32
		{A506B21F-455E-4EEC-9F00-3083D818B408}.Debug|x86.Build.0 = Debug|Win32
		{A506B21F-455E-4EEC-9F00-3083D818B408}.Release|x64.ActiveCfg = Release|x64
		{A506B21F-455E-4EEC-9F00-3083D818B408}.Release|x64.Build.0 = Release|x64
		{A506B21F-455E-4EEC-9F00-3083D818B408}.Release|x86.ActiveCfg = Release|Win32
		{A506B21F-455E-4EEC-9F00-3083D818B408}.Release|x86.Build.0 = Release|Win32
		{FBA6D898-AEFA-4A8B-8660-67DA4BF440F3}.Debug|x64.ActiveCfg = Debug|x64
		{FBA6D898-AEFA-4A8B-8660-67DA4BF440F3}.Debug|x64.Build.0 = Debug|x64
		{FBA6D898-AEFA-4A8B-8660-67DA4BF440F3}.Debug|x86.ActiveCfg = Debug|Win32
		{FBA6D898-AEFA-4A8B-8660-67DA4BF440F3}.Debug|x86.Build.0 = Debug|Win32
		{FBA6D898-AEFA-4A8B-8660-67DA4BF440F3}.Release|x64.ActiveCfg = Release|x64
		{FBA6D898-AEFA-4A8B-8660-67DA4BF440F3}.Release|x64.Build.0 = Release|x64
		{FBA6D898-AEFA-4A8B-8660-67DA4BF440F3}.Release|x86.ActiveCfg = Release|Win32
		{FBA6D898-AEFA-4A8B-8660-67DA4BF440F3}.Release|x86.Build.0 = Release|Win32
		{ABA46636-75C8-4C97-9276-25E746AEDCC5}.Debug|x64.ActiveCfg = Debug|x64
		{ABA46636-75C8-4C97-9276-25E746AEDCC5}.Debug|x64.Build.0 = Debug|x64
		{ABA46636-75C8-4C97-9276-25E746AEDCC5}.Debug|x86.ActiveCfg = Debug|Win32
		{ABA46636-75C8-4C97-9276-25E746AEDCC5}.Debug|x86.Build.0 = Debug|Win32
		{ABA46636-75C8-4C97-9276-25E746AEDCC5}.Release|x64.ActiveCfg = Release|x64
		{ABA46636-75C8-4C97-9276-25E746AEDCC5}.Release|x64.Build.0 = Release|x64
		{ABA46636-75C8-4C97-9276-25E746AEDCC5}.Release|x86.ActiveCfg = Release|Win32
		{ABA46636-75C8-4C97-9276-25E746AEDCC5}.Release|x86.Build.0 = Release|Win32
		{E5A4AEC8-1B15-4A69-9872-CF1CDAEF3A0F}.Debug|x64.ActiveCfg = Debug|x64
		{E5A4AEC8-1B15-4A69-9872-CF1CDAEF3A0F}.Debug|x64.Build.0 = Debug|x64
		{E5A4AEC8-1B15-4A69-9872-CF1CDAEF3A0F}.Debug|x86.ActiveCfg = Debug|Win32
		{E5A4AEC8-1B15-4A69-9872-CF1CDAEF3A0F}.Debug|x86.Build.0 = Debug|Win32
		{E5A4AEC8-1B15-4A69-9872-CF1CDAEF3A0F}.Release|x64.ActiveCfg = Release|x64
		{E5A4AEC8-1B15-4A69-9872-CF1CDAEF3A0F}.Release|x64.Build.0 = Release|x64
		{E5A4AEC8-1B15-4A69-9872-CF1CDAEF3A0F}.Release|x86.ActiveCfg = Release|Win32
		{E5A4AEC8-1B15-4A69-9872-CF1CDAEF3A0F}.Release|x86.Build.0 = Release|Win32
		{E5727695-22AB-4765-9919-B1D134A6893F}.Debug|x64.ActiveCfg = Debug|x64
		{E5727695-22AB-4765-9919-B1D134A6893F}.Debug|x64.Build.0 = Debug|x64
		{E5727695-22AB-4765-9919-B1D134A6893F}.Debug|x86.ActiveCfg = Debug|Win32
		{E5727695-22AB-4765-9919-B1D134A6893F}.Debug|x86.Build.0 = Debug|Win32
		{E5727695-22AB-4765-9919-B1D134A6893F}.Release|x64.ActiveCfg = Release|x64
		{E5727695-22AB-4765-9919-B1D134A6893F}.Release|x64.Build.0 = Release|x64
		{E5727695-22AB-4765-9919-B1D134A6893F}.Release|x86.ActiveCfg = Release|Win32
		{E5727695-22AB-4765-9919-B1D134A6893F}.Release|x86.Build.0 = Release|Win32
		{D56F83E4-B210-48CE-8D82-7AF112E0515B}.Debug|x64.ActiveCfg = Debug|x64
		{D56F83E4-B210-48CE-8D82-7AF112E0515B}.Debug|x64.Build.0 = Debug|x64
		{D56F83E4-B210-48CE-8D82-7AF112E0515B}.Debug|x86.ActiveCfg = Debug|Win32
		{D56F83E4-B210-48CE-8D82-7AF112E0515B}.Debug|x86.Build.0 = Debug|Win32
		{D56F83E4-B210-48CE-8D82-7AF112E0515B}.Release|x64.ActiveCfg = Release|x64
		{D56F83E4-B210-48CE-8D82-7AF112E0515B}.Release|x64.Build.0 = Release|x64
		{D56F83E4-B210-48CE-8D82-7AF112E0515B}.Release|x86.ActiveCfg = Release|Win32
		{D56F83E4-B210-48CE-8D82-7AF112E0515B}.Release|x86.Build.0 = Release|Win32
		{AF098643-5BC0-41DF-8653-2D08DEF1CBA4}.Debug|x64.ActiveCfg = Debug|x64
		{AF098643-5BC0-41DF-8653-2D08DEF1CBA4}.Debug|x64.Build.0 = Debug|x64
		{AF098643-5BC0-41DF-8653-2D08DEF1CBA4}.Debug|x86.ActiveCfg = Debug|Win32
		{AF098643-5BC0-41DF-8653-2D08DEF1CBA4}.Debug|x86.Build.0 = Debug|Win32
		{AF098643-5BC0-41DF-8653-2D08DEF1CBA4}.Release|x64.ActiveCfg = Release|x64
		{AF098643-5BC0-41DF-8653-2D08DEF1CBA4}.Release|x64.Build.0 = Release|x64
		{AF098643-5BC0-41DF-8653-2D08DEF1CBA4}.Release|x86.ActiveCfg = Release|Win32
		{AF098643-5BC0-41DF-8653-2D08DEF1CBA4}.Release|x86.Build.0 = Release|Win32
		{324D8198-82FC-454A-AE78-BFA8B9AA0549}.Debug|x64.ActiveCfg = Debug|x64
		{324D8198-82FC-454A-AE78-BFA8B9AA0549}.Debug|x64.Build.0 = Debug|x64
		{324D8198-82FC-454A-AE78-BFA8B9AA0549}.Debug|x86.ActiveCfg = Debug|Win32
		{324D8198-82FC-454A-AE78-BFA8B9AA0549}.Debug|x86.Build.0 = Debug|Win32
		{324D8198-82FC-454A-AE78-BFA8B9AA0549}.Release|x64.ActiveCfg = Release|x64
		{324D8198-82FC-454A-AE78-BFA8B9AA0549}.Release|x64.Build.0 = Release|x64
		{324D8198-82FC-454A-AE78-BFA8B9AA0549}.Release|x86.ActiveCfg = Release|Win32
		{324D8198-82FC-454A-AE78-BFA8B9AA0549}.Release|x86.Build.0 = Release|Win32
		{2D2A0C14-01DE-47DB-B756-AD1A3364BB64}.Debug|x64.ActiveCfg = Debug|x64
		{2D2A0C14-01DE-47DB-B756-AD1A3364BB64}.Debug|x64.Build.0 = Debug|x64
		{2D2A0C14-01DE-47DB-B756-AD1A3364BB64}.Debug|x86.ActiveCfg = Debug|Win32
		{2D2A0C14-01DE-47DB-B756-AD1A3364BB64}.Debug|x86.Build.0 = Debug|Win32
		{2D2A0C14-01DE-47DB-B756-AD1A3364BB64}.Release|x64.ActiveCfg = Release|x64
		{2D2A0C14-01DE-47DB-B756-AD1A3364BB64}.Release|x64.Build.0 = Release|x64
		{2D2A0C14-01DE-47DB-B756-AD1A3364BB64}.Release|x86.ActiveCfg = Release|Win32
		{2D2A0C14-01DE-47DB-B756-AD1A3364BB64}.Release|x86.Build.0 = Release|Win32
		{2FD603AC-8D0C-410C-9085-D64977D80EDA}.Debug|x64.ActiveCfg = Debug|x64
		{2FD603AC-8D0C-410C-9085-D64977D80EDA}.Debug|x64.Build.0 = Debug|x64
		{2FD603AC-8D0C-410C-9085-D64977D80EDA}.Debug|x86.ActiveCfg = Debug|Win32
		{2FD603AC-8D0C-410C-9085-D64977D80EDA}.Debug|x86.Build.0 = Debug|Win32
		{2FD603AC-8D0C-410C-9085-D64977D80EDA}.Release|x64.ActiveCfg = Release|x64
		{2FD603AC-8D0C-410C-9085-D64977D80EDA}.Release|x64.Build.0 = Release|x64
		{2FD603AC-8D0C-410C-9085-D64977D80EDA}.Release|x86.ActiveCfg = Release|Win32
		{2FD603AC-8D0C-410C-9085-D64977D80EDA}.Release|x86.Build.0 = Release|Win32
		{2F0FD0C6-EC3D-46B4-A9AA-CCF584A40532}.Debug|x64.ActiveCfg = Debug|x64
		{2F0FD0C6-EC3D-46B4-A9AA-CCF584A40532}.Debug|x64.Build.0 = Debug|x64
		{2F0FD0C6-EC3D-46B4-A9AA-CCF584A40532}.Debug|x86.ActiveCfg = Debug|Win32
		{2F0FD0C6-EC3D-46B4-A9AA-CCF584A40532}.Debug|x86.Build.0 = Debug|Win32
		{2F0FD0C6-EC3D-46B4-A9AA-CCF584A40532}.Release|x64.ActiveCfg = Release|x64
		{2F0FD0C6-EC3D-46B4-A9AA-CCF584A40532}.Release|x64.Build.0 = Release|x64
		{2F0FD0C6-EC3D-46B4-A9AA-CCF584A40532}.Release|x86.ActiveCfg = Release|Win32
		{2F0FD0C6-EC3D-46B4-A9AA-CCF584A40532}.Release|x86.Build.0 = Release|Win32
		{88F3B6CD-FD00-44BE-865E-2037A214D7B4}.Debug|x64.ActiveCfg = Debug|x64
		{88F3B6CD-FD00-44BE-865E-2037A214D7B4}.Debug|x64.Build.0 = Debug|x64
		{88F3B6CD-FD00-44BE-865E-2037A214D7B4}.Debug|x86.ActiveCfg = Debug|Win32
		{88F3B6CD-FD00-44BE-865E-2037A214D7B4}.Debug|x86.Build.0 = Debug|Win32
		{88F3B6CD-FD00-44BE-865E-2037A214D7B4}.Release|x64.ActiveCfg = Release|x64
		{88F3B6CD-FD00-44BE-865E-2037A214D7B4}.Release|x64.Build.0 = Release|x64
		{88F3B6CD-FD00-44BE-865E-2037A214D7B4}.Release|x86.ActiveCfg = Release|Win32
		{88F3B6CD-FD00-44BE-865E-2037A214D7B4}.Release|x86.Build.0 = Release|Win32
		{69D128F5-B89E-43D2-A75A-154B5B8965EC}.Debug|x64.ActiveCfg = Debug|x64
		{69D128F5-B89E-43D2-A75A-154B5B8965EC}.Debug|x64.Build.0 = Debug|x64
		{69D128F5-B89E-43D2-A75A-154B5B8965EC}.Debug|x86.ActiveCfg = Debug|Win32
		{69D128F5-B89E-43D2-A75A-154B5B8965EC}.Debug|x86.Build.0 = Debug|Win32
		{69D128F5-B89E-43D2-A75A-154B5B8965EC}.Release|x64.ActiveCfg = Release|x64
		{69D128F5-B89E-43D2-A75A-154B5B8965EC}.Release|x64.Build.0 = Release|x64
		{69D128F5-B89E-43D2-A75A-154B5B8965EC}.Release|x86.ActiveCfg = Release|Win32
		{69D128F5-B89E-43D2-A75A-154B5B8965EC}.Release|x86.Build.0 = Release|Win32
		{8C070D11-5200-47BD-B534-1E45C4C2DB3A}.Debug|x64.ActiveCfg = Debug|x64
		{8C070D11-5200-47BD-B534-1E45C4C2DB3A}.Debug|x64.Build.0 = Debug|x64
		{8C070D11-5200-47BD-B534-1E45C4C2DB3A}.Debug|x86.ActiveCfg = Debug|Win32
		{8C070D11-5200-47BD-B534-1E45C4C2DB3A}.Debug|x86.Build.0 = Debug|Win32
		{8C070D11-5200-47BD-B534-1E45C4C2DB3A}.Release|x64.ActiveCfg = Release|x64
		{8C070D11-5200-47BD-B534-1E45C4C2DB3A}.Release|x64.Build.0 = Release|x64
		{8C070D11-5200-47BD-B534-1E45C4C2DB3A}.Release|x86.ActiveCfg = Release|Win32
		{8C070D11-5200-47BD-B534-1E45C4C2DB3A}.Release|x86.Build.0 = Release|Win32
		{3F136C69-0240-4638-9138-FCFD79B73641}.Debug|x64.ActiveCfg = Debug|x64
		{3F136C69-0240-4638-9138-FCFD79B73641}.Debug|x64.Build.0 = Debug|x64
		{3F136C69-0240-4638-9138-FCFD79B73641}.Debug|x86.ActiveCfg = Debug|Win32
		{3F136C69-0240-4638-9138-FCFD79B73641}.Debug|x86.Build.0 = Debug|Win32
		{3F136C69-0240-4638-9138-FCFD79B73641}.Release|x64.ActiveCfg = Release|x64
		{3F136C69-0240-4638-9138-FCFD79B73641}.Release|x64.Build.0 = Release|x64
		{3F136C69-0240-4638-9138-FCFD79B73641}.Release|x86.ActiveCfg = Release|Win32
		{3F136C69-0240-4638-9138-FCFD79B73641}.Release|x86.Build.0 = Release|Win32
		{27656AFD-DC11-4E6D-8620-113B79DB1D25}.Debug|x64.ActiveCfg = Debug|x64
		{27656AFD-DC11-4E6D-8620-113B79DB1D25}.Debug|x64.Build.0 = Debug|x64
		{27656AFD-DC11-4E6D-8620-113B79DB1D25}.Debug|x86.ActiveCfg = Debug|Win32
		{27656AFD-DC11-4E6D-8620-113B79DB1D25}.Debug|x86.Build.0 = Debug|Win32
		{27656AFD-DC11-4E6D-8620-113B79DB1D25}.Release|x64.ActiveCfg = Release|x64
		{27656AFD-DC11-4E6D-8620-113B79DB1D25}.Release|x64.Build.0 = Release|x64
		{27656AFD-DC11-4E6D-8620-113B79DB1D25}.Release|x86.ActiveCfg = Release|Win32
		{27656AFD-DC11-4E6D-8620-113B79DB1D25}.Release|x86.Build.0 = Release|Win32
		{D84E0FA9-229C-46E5-94B5-2852F43C1719}.Debug|x64.ActiveCfg = Debug|x64
		{D84E0FA9-229C-46E5-94B5-2852F43C1719}.Debug|x64.Build.0 = Debug|x64
		{D84E0FA9-229C-46E5-94B5-2852F43C1719}.Debug|x86.ActiveCfg = Debug|Win32
		{D84E0FA9-229C-46E5-94B5-2852F43C1719}.Debug|x86.Build.0 = Debug|Win32
		{D84E0FA9-229C-46E5-94B5-2852F43C1719}.Release|x64.ActiveCfg = Release|x64
		{D84E0FA9-229C-46E5-94B5-2852F43C1719}.Release|x64.Build.0 = Release|x64
		{D84E0FA9-229C-46E5-94B5-2852F43C1719}.Release|x86.ActiveCfg = Release|Win32
		{D84E0FA9-229C-46E5-94B5-2852F43C1719}.Release|x86.Build.0 = Release|Win32
		{04BF6AB3-6D38-4FD8-99A3-C3DDF262233D}.Debug|x64.ActiveCfg = Debug|x64
		{04BF6AB3-6D38-4FD8-99A3-C3DDF262233D}.Debug|x64.Build.0 = Debug|x64
		{04BF6AB3-6D38-4FD8-99A3-C3DDF262233D}.Debug|x86.ActiveCfg = Debug|Win32
		{04BF6AB3-6D38-4FD8-99A3-C3DDF262233D}.Debug|x86.Build.0 = Debug|Win32
		{04BF6AB3-6D38-4FD8-99A3-C3DDF262233D}.Release|x64.ActiveCfg = Release|x64
		{04BF6AB3-6D38-4FD8-99A3-C3DDF262233D}.Release|x64.Build.0 = Release|x64
		{04BF6AB3-6D38-4FD8-99A3-C3DDF262233D}.Release|x86.ActiveCfg = Release|Win32
		{04BF6AB3-6D38-4FD8-99A3-C3DDF262233D}.Release|x86.Build.0 = Release|Win32
		{B0BC7712-FF7F-4601-8FBA-2043272896E7}.Debug|x64.ActiveCfg = Debug|x64
		{B0BC7712-FF7F-4601-8FBA-2043272896E7}.Debug|x64.Build.0 = Debug|x64
		{B0BC7712-FF7F-4601-8FBA-2043272896E7}.Debug|x86.ActiveCfg = Debug|Win32
		{B0BC7712-FF7F-4601-8FBA-2043272896E7}.Debug|x86.Build.0 = Debug|Win32
		{B0BC7712-FF7F-4601-8FBA-2043272896E7}.Release|x64.ActiveCfg = Release|x64
		{B0BC7712-FF7F-4601-8FBA-2043272896E7}.Release|x64.Build.0 = Release|x64
		{B0BC7712-FF7F-4601-8FBA-2043272896E7}.Release|x86.ActiveCfg = Release|Win32
		{B0BC7712-FF7F-4601-8FBA-2043272896E7}.Release|x86.Build.0 = Release|Win32
		{91DDE319-D1CD-4CC7-B001-A169DB5F07B2}.Debug|x64.ActiveCfg = Debug|x64
		{91DDE319-D1CD-4CC7-B001-A169DB5F07B2}.Debug|x64.Build.0 = Debug|x64
		{91DDE319-D1CD-4CC7-B001-A169DB5F07B2}.Debug|x86.ActiveCfg = Debug|Win32
		{91DDE319-D1CD-4CC7-B001-A169DB5F07B2}.Debug|x86.Build.0 = Debug|Win32
		{91DDE319-D1CD-4CC7-B001-A169DB5F07B2}.Release|x64.ActiveCfg = Release|x64
		{91DDE319-D1CD-4CC7-B001-A169DB5F07B2}.Release|x64.Build.0 = Release|x64
		{91DDE319-D1CD-4CC7-B001-A169DB5F07B2}.Release|x86.ActiveCfg = Release|Win32
		{91DDE319-D1CD-4CC7-B001-A169DB5F07B2}.Release|x86.Build.0 = Release|Win32
		{33FE7C93-B7F9-4819-AE79-BC5AF8CA2D57}.Debug|x64.ActiveCfg = Debug|x64
		{33FE7C93-B7F9-4819-AE79-BC5AF8CA2D57}.Debug|x64.Build.0 = Debug|x64
		{33FE7C93-B7F9-4819-AE79-BC5AF8CA2D57}.Debug|x86.ActiveCfg = Debug|Win32
		{33FE7C93-B7F9-4819-AE79-BC5AF8CA2D57}.Debug|x86.Build.0 = Debug|Win32
		{33FE7C93-B7F9-4819-AE79-BC5AF8CA2D57}.Release|x64.ActiveCfg = Release|x64
		{33FE7C93-B7F9-4819-AE79-BC5AF8CA2D57}.Release|x64.Build.0 = Release|x64
		{33FE7C93-B7F9-4819-AE79-BC5AF8CA2D57}.Release|x86.ActiveCfg = Release|Win32
		{33FE7C93-B7F9-4819-AE79-BC5AF8CA2D57}.Release|x86.Build.0 = Release|Win32
		{B2CA14C7-67A9-4562-81C2-4E40FAE06A04}.Debug|x64.ActiveCfg = Debug|x64
		{B2CA14C7-67A9-4562-81C2-4E40FAE06A04}.Debug|x64.Build.0 = Debug|x64
		{B2CA14C7-67A9-4562-81C2-4E40FAE06A04}.Debug|x86.ActiveCfg = Debug|Win32
		{B2CA14C7-67A9-4562-81C2-4E40FAE06A04}.Debug|x86.Build.0 = Debug|Win32
		{B2CA14C7-67A9-4562-81C2-4E40FAE06A04}.Release|x64.ActiveCfg = Release|x64
		{B2CA14C7-67A9-4562-81C2-4E40FAE06A04}.Release|x64.Build.0 = Release|x64
		{B2CA14C7-67A9-4562-81C2-4E40FAE06A04}.Release|x86.ActiveCfg = Release|Win32
		{B2CA14C7-67A9-4562-81C2-4E40FAE06A04}.Release|x86.Build.0 = Release|Win32
		{DD6E445B-81C0-4AAB-9F7D-BF73DF441613}.Debug|x64.ActiveCfg = Debug|x64
		{DD6E445B-81C0-4AAB-9F7D-BF73DF441613}.Debug|x64.Build.0 = Debug|x64
		{DD6E445B-81C0-4AAB-9F7D-BF73DF441613}.Debug|x86.ActiveCfg = Debug|Win32
		{DD6E445B-81C0-4AAB-9F7D-BF73DF441613}.Debug|x86.Build.0 = Debug|Win32
		{DD6E445B-81C0-4AAB-9F7D-BF73DF441613}.Release|x64.ActiveCfg = Release|x64
		{DD6E445B-81C0-4AAB-9F7D-BF73DF441613}.Release|x64.Build.0 = Release|x64
		{DD6E445B-81C0-4AAB-9F7D-BF73DF441613}.Release|x86.ActiveCfg = Release|Win32
		{DD6E445B-81C0-4AAB-9F7D-BF73DF441613}.Release|x86.Build.0 = Release|Win32
		{F85B79CA-AEBA-477F-958F-C09FCB0CBC5D}.Debug|x64.ActiveCfg = Debug|x64
		{F85B79CA-AEBA-477F-958F-C09FCB0CBC5D}.Debug|x64.Build.0 = Debug|x64
		{F85B79CA-AEBA-477F-958F-C09FCB0CBC5D}.Debug|x86.ActiveCfg = Debug|Win32
		{F85B79CA-AEBA-477F-958F-C09FCB0CBC5D}.Debug|x86.Build.0 = Debug|Win32
		{F85B79CA-AEBA-477F-958F-C09FCB0CBC5D}.Release|x64.ActiveCfg = Release|x64
		{F85B79CA-AEBA-477F-958F-C09FCB0CBC5D}.Release|x64.Build.0 = Release|x64
		{F85B79CA-AEBA-477F-958F-C09FCB0CBC5D}.Release|x86.ActiveCfg = Release|Win32
		{F85B79CA-AEBA-477F-958F-C09FCB0CBC5D}.Release|x86.Build.0 = Release|Win32
	EndGlobalSection
	GlobalSection(SolutionProperties) = preSolution
		HideSolutionNode = FALSE
	EndGlobalSection
	GlobalSection(NestedProjects) = preSolution
		{BDEEF914-7554-4090-93F3-8029E51A322A} = {93C9A468-7638-4045-A84F-188B2B42FCD9}
		{2BA43BCE-2023-4DFE-83E6-C4D7AB4C1A3F} = {93C9A468-7638-4045-A84F-188B2B42FCD9}
		{628DB90F-7E7F-4552-9AB9-54A51287459B} = {D5DE7511-0FC9-4609-876C-EC0F1E8A4F57}
		{71A8CCB4-3DAF-4457-86CC-54981B150C33} = {D5DE7511-0FC9-4609-876C-EC0F1E8A4F57}
		{72C99E43-4A72-4C3C-BDC4-D96CEBBFFEE5} = {D5DE7511-0FC9-4609-876C-EC0F1E8A4F57}
		{AA7E3332-97E8-400F-9347-4CEAE547B0D6} = {D5DE7511-0FC9-4609-876C-EC0F1E8A4F57}
		{3E2441F9-46F1-4927-9472-958339D9F072} = {D5DE7511-0FC9-4609-876C-EC0F1E8A4F57}
		{73B0469E-42D7-4926-BA52-3F1BD5E1C174} = {D5DE7511-0FC9-4609-876C-EC0F1E8A4F57}
		{A506B21F-455E-4EEC-9F00-3083D818B408} = {8A56116F-0F1D-4F62-95CE-EB0FB71BBF8B}
		{FBA6D898-AEFA-4A8B-8660-67DA4BF440F3} = {8A56116F-0F1D-4F62-95CE-EB0FB71BBF8B}
		{ABA46636-75C8-4C97-9276-25E746AEDCC5} = {8A56116F-0F1D-4F62-95CE-EB0FB71BBF8B}
		{E5A4AEC8-1B15-4A69-9872-CF1CDAEF3A0F} = {8A56116F-0F1D-4F62-95CE-EB0FB71BBF8B}
		{E5727695-22AB-4765-9919-B1D134A6893F} = {8A56116F-0F1D-4F62-95CE-EB0FB71BBF8B}
		{D56F83E4-B210-48CE-8D82-7AF112E0515B} = {8A56116F-0F1D-4F62-95CE-EB0FB71BBF8B}
		{AF098643-5BC0-41DF-8653-2D08DEF1CBA4} = {8A56116F-0F1D-4F62-95CE-EB0FB71BBF8B}
		{5A72BC42-0D9B-4B82-9F55-F32FF2C3989B} = {21672AA3-B4FE-4128-9198-C6D08846B30E}
		{324D8198-82FC-454A-AE78-BFA8B9AA0549} = {5A72BC42-0D9B-4B82-9F55-F32FF2C3989B}
		{8A56116F-0F1D-4F62-95CE-EB0FB71BBF8B} = {21672AA3-B4FE-4128-9198-C6D08846B30E}
		{D5DE7511-0FC9-4609-876C-EC0F1E8A4F57} = {21672AA3-B4FE-4128-9198-C6D08846B30E}
		{93C9A468-7638-4045-A84F-188B2B42FCD9} = {21672AA3-B4FE-4128-9198-C6D08846B30E}
		{2D2A0C14-01DE-47DB-B756-AD1A3364BB64} = {5A72BC42-0D9B-4B82-9F55-F32FF2C3989B}
		{2FD603AC-8D0C-410C-9085-D64977D80EDA} = {5A72BC42-0D9B-4B82-9F55-F32FF2C3989B}
		{2F0FD0C6-EC3D-46B4-A9AA-CCF584A40532} = {5A72BC42-0D9B-4B82-9F55-F32FF2C3989B}
		{88F3B6CD-FD00-44BE-865E-2037A214D7B4} = {5A72BC42-0D9B-4B82-9F55-F32FF2C3989B}
		{69D128F5-B89E-43D2-A75A-154B5B8965EC} = {5A72BC42-0D9B-4B82-9F55-F32FF2C3989B}
		{8C070D11-5200-47BD-B534-1E45C4C2DB3A} = {5A72BC42-0D9B-4B82-9F55-F32FF2C3989B}
		{3F136C69-0240-4638-9138-FCFD79B73641} = {5A72BC42-0D9B-4B82-9F55-F32FF2C3989B}
		{27656AFD-DC11-4E6D-8620-113B79DB1D25} = {5A72BC42-0D9B-4B82-9F55-F32FF2C3989B}
		{D84E0FA9-229C-46E5-94B5-2852F43C1719} = {5A72BC42-0D9B-4B82-9F55-F32FF2C3989B}
		{04BF6AB3-6D38-4FD8-99A3-C3DDF262233D} = {5A72BC42-0D9B-4B82-9F55-F32FF2C3989B}
		{B0BC7712-FF7F-4601-8FBA-2043272896E7} = {5A72BC42-0D9B-4B82-9F55-F32FF2C3989B}
		{91DDE319-D1CD-4CC7-B001-A169DB5F07B2} = {5A72BC42-0D9B-4B82-9F55-F32FF2C3989B}
		{33FE7C93-B7F9-4819-AE79-BC5AF8CA2D57} = {5A72BC42-0D9B-4B82-9F55-F32FF2C3989B}
		{23B7740B-0FE3-4821-A92D-E2817F28ED2E} = {21672AA3-B4FE-4128-9198-C6D08846B30E}
		{B2CA14C7-67A9-4562-81C2-4E40FAE06A04} = {23B7740B-0FE3-4821-A92D-E2817F28ED2E}
		{DD6E445B-81C0-4AAB-9F7D-BF73DF441613} = {23B7740B-0FE3-4821-A92D-E2817F28ED2E}
		{F85B79CA-AEBA-477F-958F-C09FCB0CBC5D} = {23B7740B-0FE3-4821-A92D-E2817F28ED2E}
	EndGlobalSection
	GlobalSection(ExtensibilityGlobals) = postSolution
		SolutionGuid = {412B26DA-2678-42AB-8CEF-46FAA4A21408}
	EndGlobalSection
EndGlobal
