
Microsoft Visual Studio Solution File, Format Version 12.00
# Visual Studio 15
VisualStudioVersion = 15.0.28307.438
MinimumVisualStudioVersion = 10.0.40219.1
Project("{2150E333-8FDC-42A3-9474-1A3956D46DE8}") = "Algorithmic Toolbox", "Algorithmic Toolbox", "{21672AA3-B4FE-4128-9198-C6D08846B30E}"
EndProject
Project("{8BC9CEB8-8B4A-11D0-8D11-00A0C91BC942}") = "APlusB", "Algorithmic Toolbox\APlusB\APlusB.vcxproj", "{BDEEF914-7554-4090-93F3-8029E51A322A}"
EndProject
Project("{8BC9CEB8-8B4A-11D0-8D11-00A0C91BC942}") = "MaxPairwiseProduct", "Algorithmic Toolbox\MaxPairwiseProduct\MaxPairwiseProduct.vcxproj", "{2BA43BCE-2023-4DFE-83E6-C4D7AB4C1A3F}"
EndProject
Project("{8BC9CEB8-8B4A-11D0-8D11-00A0C91BC942}") = "Fibnacci", "Fibnacci\Fibnacci.vcxproj", "{628DB90F-7E7F-4552-9AB9-54A51287459B}"
EndProject
Project("{8BC9CEB8-8B4A-11D0-8D11-00A0C91BC942}") = "GCD", "GCD\GCD.vcxproj", "{71A8CCB4-3DAF-4457-86CC-54981B150C33}"
EndProject
Project("{8BC9CEB8-8B4A-11D0-8D11-00A0C91BC942}") = "FibonacciLastDigit", "Algorithmic Toolbox\FibonacciLastDigit\FibonacciLastDigit.vcxproj", "{72C99E43-4A72-4C3C-BDC4-D96CEBBFFEE5}"
EndProject
Project("{8BC9CEB8-8B4A-11D0-8D11-00A0C91BC942}") = "LCM", "Algorithmic Toolbox\LCM\LCM.vcxproj", "{AA7E3332-97E8-400F-9347-4CEAE547B0D6}"
EndProject
Project("{8BC9CEB8-8B4A-11D0-8D11-00A0C91BC942}") = "FibonacciHuge", "Algorithmic Toolbox\FibonacciHuge\FibonacciHuge.vcxproj", "{3E2441F9-46F1-4927-9472-958339D9F072}"
EndProject
Project("{8BC9CEB8-8B4A-11D0-8D11-00A0C91BC942}") = "LargestNumber", "Algorithmic Toolbox\LargestNumber\LargestNumber.vcxproj", "{73B0469E-42D7-4926-BA52-3F1BD5E1C174}"
EndProject
Project("{8BC9CEB8-8B4A-11D0-8D11-00A0C91BC942}") = "MinCarRefuelStops", "Algorithmic Toolbox\MinCarRefuelStops\MinCarRefuelStops.vcxproj", "{A506B21F-455E-4EEC-9F00-3083D818B408}"
EndProject
Project("{8BC9CEB8-8B4A-11D0-8D11-00A0C91BC942}") = "GroupChildren", "Algorithmic Toolbox\GroupChildren\GroupChildren.vcxproj", "{FBA6D898-AEFA-4A8B-8660-67DA4BF440F3}"
EndProject
Project("{8BC9CEB8-8B4A-11D0-8D11-00A0C91BC942}") = "MoneyChange", "Algorithmic Toolbox\MoneyChange\MoneyChange.vcxproj", "{ABA46636-75C8-4C97-9276-25E746AEDCC5}"
EndProject
Project("{8BC9CEB8-8B4A-11D0-8D11-00A0C91BC942}") = "MaximumLoot", "Algorithmic Toolbox\MaximumLoot\MaximumLoot.vcxproj", "{E5A4AEC8-1B15-4A69-9872-CF1CDAEF3A0F}"
EndProject
Project("{8BC9CEB8-8B4A-11D0-8D11-00A0C91BC942}") = "MaxAdvertisementRevenue", "Algorithmic Toolbox\MaxAdvertisementRevenue\MaxAdvertisementRevenue.vcxproj", "{E5727695-22AB-4765-9919-B1D134A6893F}"
EndProject
Global
	GlobalSection(SolutionConfigurationPlatforms) = preSolution
		Debug|x64 = Debug|x64
		Debug|x86 = Debug|x86
		Release|x64 = Release|x64
		Release|x86 = Release|x86
	EndGlobalSection
	GlobalSection(ProjectConfigurationPlatforms) = postSolution
		{BDEEF914-7554-4090-93F3-8029E51A322A}.Debug|x64.ActiveCfg = Debug|x64
		{BDEEF914-7554-4090-93F3-8029E51A322A}.Debug|x64.Build.0 = Debug|x64
		{BDEEF914-7554-4090-93F3-8029E51A322A}.Debug|x86.ActiveCfg = Debug|Win32
		{BDEEF914-7554-4090-93F3-8029E51A322A}.Debug|x86.Build.0 = Debug|Win32
		{BDEEF914-7554-4090-93F3-8029E51A322A}.Release|x64.ActiveCfg = Release|x64
		{BDEEF914-7554-4090-93F3-8029E51A322A}.Release|x64.Build.0 = Release|x64
		{BDEEF914-7554-4090-93F3-8029E51A322A}.Release|x86.ActiveCfg = Release|Win32
		{BDEEF914-7554-4090-93F3-8029E51A322A}.Release|x86.Build.0 = Release|Win32
		{2BA43BCE-2023-4DFE-83E6-C4D7AB4C1A3F}.Debug|x64.ActiveCfg = Debug|x64
		{2BA43BCE-2023-4DFE-83E6-C4D7AB4C1A3F}.Debug|x64.Build.0 = Debug|x64
		{2BA43BCE-2023-4DFE-83E6-C4D7AB4C1A3F}.Debug|x86.ActiveCfg = Debug|Win32
		{2BA43BCE-2023-4DFE-83E6-C4D7AB4C1A3F}.Debug|x86.Build.0 = Debug|Win32
		{2BA43BCE-2023-4DFE-83E6-C4D7AB4C1A3F}.Release|x64.ActiveCfg = Release|x64
		{2BA43BCE-2023-4DFE-83E6-C4D7AB4C1A3F}.Release|x64.Build.0 = Release|x64
		{2BA43BCE-2023-4DFE-83E6-C4D7AB4C1A3F}.Release|x86.ActiveCfg = Release|Win32
		{2BA43BCE-2023-4DFE-83E6-C4D7AB4C1A3F}.Release|x86.Build.0 = Release|Win32
		{628DB90F-7E7F-4552-9AB9-54A51287459B}.Debug|x64.ActiveCfg = Debug|x64
		{628DB90F-7E7F-4552-9AB9-54A51287459B}.Debug|x64.Build.0 = Debug|x64
		{628DB90F-7E7F-4552-9AB9-54A51287459B}.Debug|x86.ActiveCfg = Debug|Win32
		{628DB90F-7E7F-4552-9AB9-54A51287459B}.Debug|x86.Build.0 = Debug|Win32
		{628DB90F-7E7F-4552-9AB9-54A51287459B}.Release|x64.ActiveCfg = Release|x64
		{628DB90F-7E7F-4552-9AB9-54A51287459B}.Release|x64.Build.0 = Release|x64
		{628DB90F-7E7F-4552-9AB9-54A51287459B}.Release|x86.ActiveCfg = Release|Win32
		{628DB90F-7E7F-4552-9AB9-54A51287459B}.Release|x86.Build.0 = Release|Win32
		{71A8CCB4-3DAF-4457-86CC-54981B150C33}.Debug|x64.ActiveCfg = Debug|x64
		{71A8CCB4-3DAF-4457-86CC-54981B150C33}.Debug|x64.Build.0 = Debug|x64
		{71A8CCB4-3DAF-4457-86CC-54981B150C33}.Debug|x86.ActiveCfg = Debug|Win32
		{71A8CCB4-3DAF-4457-86CC-54981B150C33}.Debug|x86.Build.0 = Debug|Win32
		{71A8CCB4-3DAF-4457-86CC-54981B150C33}.Release|x64.ActiveCfg = Release|x64
		{71A8CCB4-3DAF-4457-86CC-54981B150C33}.Release|x64.Build.0 = Release|x64
		{71A8CCB4-3DAF-4457-86CC-54981B150C33}.Release|x86.ActiveCfg = Release|Win32
		{71A8CCB4-3DAF-4457-86CC-54981B150C33}.Release|x86.Build.0 = Release|Win32
		{72C99E43-4A72-4C3C-BDC4-D96CEBBFFEE5}.Debug|x64.ActiveCfg = Debug|x64
		{72C99E43-4A72-4C3C-BDC4-D96CEBBFFEE5}.Debug|x64.Build.0 = Debug|x64
		{72C99E43-4A72-4C3C-BDC4-D96CEBBFFEE5}.Debug|x86.ActiveCfg = Debug|Win32
		{72C99E43-4A72-4C3C-BDC4-D96CEBBFFEE5}.Debug|x86.Build.0 = Debug|Win32
		{72C99E43-4A72-4C3C-BDC4-D96CEBBFFEE5}.Release|x64.ActiveCfg = Release|x64
		{72C99E43-4A72-4C3C-BDC4-D96CEBBFFEE5}.Release|x64.Build.0 = Release|x64
		{72C99E43-4A72-4C3C-BDC4-D96CEBBFFEE5}.Release|x86.ActiveCfg = Release|Win32
		{72C99E43-4A72-4C3C-BDC4-D96CEBBFFEE5}.Release|x86.Build.0 = Release|Win32
		{AA7E3332-97E8-400F-9347-4CEAE547B0D6}.Debug|x64.ActiveCfg = Debug|x64
		{AA7E3332-97E8-400F-9347-4CEAE547B0D6}.Debug|x64.Build.0 = Debug|x64
		{AA7E3332-97E8-400F-9347-4CEAE547B0D6}.Debug|x86.ActiveCfg = Debug|Win32
		{AA7E3332-97E8-400F-9347-4CEAE547B0D6}.Debug|x86.Build.0 = Debug|Win32
		{AA7E3332-97E8-400F-9347-4CEAE547B0D6}.Release|x64.ActiveCfg = Release|x64
		{AA7E3332-97E8-400F-9347-4CEAE547B0D6}.Release|x64.Build.0 = Release|x64
		{AA7E3332-97E8-400F-9347-4CEAE547B0D6}.Release|x86.ActiveCfg = Release|Win32
		{AA7E3332-97E8-400F-9347-4CEAE547B0D6}.Release|x86.Build.0 = Release|Win32
		{3E2441F9-46F1-4927-9472-958339D9F072}.Debug|x64.ActiveCfg = Debug|x64
		{3E2441F9-46F1-4927-9472-958339D9F072}.Debug|x64.Build.0 = Debug|x64
		{3E2441F9-46F1-4927-9472-958339D9F072}.Debug|x86.ActiveCfg = Debug|Win32
		{3E2441F9-46F1-4927-9472-958339D9F072}.Debug|x86.Build.0 = Debug|Win32
		{3E2441F9-46F1-4927-9472-958339D9F072}.Release|x64.ActiveCfg = Release|x64
		{3E2441F9-46F1-4927-9472-958339D9F072}.Release|x64.Build.0 = Release|x64
		{3E2441F9-46F1-4927-9472-958339D9F072}.Release|x86.ActiveCfg = Release|Win32
		{3E2441F9-46F1-4927-9472-958339D9F072}.Release|x86.Build.0 = Release|Win32
		{73B0469E-42D7-4926-BA52-3F1BD5E1C174}.Debug|x64.ActiveCfg = Debug|x64
		{73B0469E-42D7-4926-BA52-3F1BD5E1C174}.Debug|x64.Build.0 = Debug|x64
		{73B0469E-42D7-4926-BA52-3F1BD5E1C174}.Debug|x86.ActiveCfg = Debug|Win32
		{73B0469E-42D7-4926-BA52-3F1BD5E1C174}.Debug|x86.Build.0 = Debug|Win32
		{73B0469E-42D7-4926-BA52-3F1BD5E1C174}.Release|x64.ActiveCfg = Release|x64
		{73B0469E-42D7-4926-BA52-3F1BD5E1C174}.Release|x64.Build.0 = Release|x64
		{73B0469E-42D7-4926-BA52-3F1BD5E1C174}.Release|x86.ActiveCfg = Release|Win32
		{73B0469E-42D7-4926-BA52-3F1BD5E1C174}.Release|x86.Build.0 = Release|Win32
		{A506B21F-455E-4EEC-9F00-3083D818B408}.Debug|x64.ActiveCfg = Debug|x64
		{A506B21F-455E-4EEC-9F00-3083D818B408}.Debug|x64.Build.0 = Debug|x64
		{A506B21F-455E-4EEC-9F00-3083D818B408}.Debug|x86.ActiveCfg = Debug|Win32
		{A506B21F-455E-4EEC-9F00-3083D818B408}.Debug|x86.Build.0 = Debug|Win32
		{A506B21F-455E-4EEC-9F00-3083D818B408}.Release|x64.ActiveCfg = Release|x64
		{A506B21F-455E-4EEC-9F00-3083D818B408}.Release|x64.Build.0 = Release|x64
		{A506B21F-455E-4EEC-9F00-3083D818B408}.Release|x86.ActiveCfg = Release|Win32
		{A506B21F-455E-4EEC-9F00-3083D818B408}.Release|x86.Build.0 = Release|Win32
		{FBA6D898-AEFA-4A8B-8660-67DA4BF440F3}.Debug|x64.ActiveCfg = Debug|x64
		{FBA6D898-AEFA-4A8B-8660-67DA4BF440F3}.Debug|x64.Build.0 = Debug|x64
		{FBA6D898-AEFA-4A8B-8660-67DA4BF440F3}.Debug|x86.ActiveCfg = Debug|Win32
		{FBA6D898-AEFA-4A8B-8660-67DA4BF440F3}.Debug|x86.Build.0 = Debug|Win32
		{FBA6D898-AEFA-4A8B-8660-67DA4BF440F3}.Release|x64.ActiveCfg = Release|x64
		{FBA6D898-AEFA-4A8B-8660-67DA4BF440F3}.Release|x64.Build.0 = Release|x64
		{FBA6D898-AEFA-4A8B-8660-67DA4BF440F3}.Release|x86.ActiveCfg = Release|Win32
		{FBA6D898-AEFA-4A8B-8660-67DA4BF440F3}.Release|x86.Build.0 = Release|Win32
		{ABA46636-75C8-4C97-9276-25E746AEDCC5}.Debug|x64.ActiveCfg = Debug|x64
		{ABA46636-75C8-4C97-9276-25E746AEDCC5}.Debug|x64.Build.0 = Debug|x64
		{ABA46636-75C8-4C97-9276-25E746AEDCC5}.Debug|x86.ActiveCfg = Debug|Win32
		{ABA46636-75C8-4C97-9276-25E746AEDCC5}.Debug|x86.Build.0 = Debug|Win32
		{ABA46636-75C8-4C97-9276-25E746AEDCC5}.Release|x64.ActiveCfg = Release|x64
		{ABA46636-75C8-4C97-9276-25E746AEDCC5}.Release|x64.Build.0 = Release|x64
		{ABA46636-75C8-4C97-9276-25E746AEDCC5}.Release|x86.ActiveCfg = Release|Win32
		{ABA46636-75C8-4C97-9276-25E746AEDCC5}.Release|x86.Build.0 = Release|Win32
		{E5A4AEC8-1B15-4A69-9872-CF1CDAEF3A0F}.Debug|x64.ActiveCfg = Debug|x64
		{E5A4AEC8-1B15-4A69-9872-CF1CDAEF3A0F}.Debug|x64.Build.0 = Debug|x64
		{E5A4AEC8-1B15-4A69-9872-CF1CDAEF3A0F}.Debug|x86.ActiveCfg = Debug|Win32
		{E5A4AEC8-1B15-4A69-9872-CF1CDAEF3A0F}.Debug|x86.Build.0 = Debug|Win32
		{E5A4AEC8-1B15-4A69-9872-CF1CDAEF3A0F}.Release|x64.ActiveCfg = Release|x64
		{E5A4AEC8-1B15-4A69-9872-CF1CDAEF3A0F}.Release|x64.Build.0 = Release|x64
		{E5A4AEC8-1B15-4A69-9872-CF1CDAEF3A0F}.Release|x86.ActiveCfg = Release|Win32
		{E5A4AEC8-1B15-4A69-9872-CF1CDAEF3A0F}.Release|x86.Build.0 = Release|Win32
		{E5727695-22AB-4765-9919-B1D134A6893F}.Debug|x64.ActiveCfg = Debug|x64
		{E5727695-22AB-4765-9919-B1D134A6893F}.Debug|x64.Build.0 = Debug|x64
		{E5727695-22AB-4765-9919-B1D134A6893F}.Debug|x86.ActiveCfg = Debug|Win32
		{E5727695-22AB-4765-9919-B1D134A6893F}.Debug|x86.Build.0 = Debug|Win32
		{E5727695-22AB-4765-9919-B1D134A6893F}.Release|x64.ActiveCfg = Release|x64
		{E5727695-22AB-4765-9919-B1D134A6893F}.Release|x64.Build.0 = Release|x64
		{E5727695-22AB-4765-9919-B1D134A6893F}.Release|x86.ActiveCfg = Release|Win32
		{E5727695-22AB-4765-9919-B1D134A6893F}.Release|x86.Build.0 = Release|Win32
	EndGlobalSection
	GlobalSection(SolutionProperties) = preSolution
		HideSolutionNode = FALSE
	EndGlobalSection
	GlobalSection(NestedProjects) = preSolution
		{BDEEF914-7554-4090-93F3-8029E51A322A} = {21672AA3-B4FE-4128-9198-C6D08846B30E}
		{2BA43BCE-2023-4DFE-83E6-C4D7AB4C1A3F} = {21672AA3-B4FE-4128-9198-C6D08846B30E}
		{628DB90F-7E7F-4552-9AB9-54A51287459B} = {21672AA3-B4FE-4128-9198-C6D08846B30E}
		{71A8CCB4-3DAF-4457-86CC-54981B150C33} = {21672AA3-B4FE-4128-9198-C6D08846B30E}
		{72C99E43-4A72-4C3C-BDC4-D96CEBBFFEE5} = {21672AA3-B4FE-4128-9198-C6D08846B30E}
		{AA7E3332-97E8-400F-9347-4CEAE547B0D6} = {21672AA3-B4FE-4128-9198-C6D08846B30E}
		{3E2441F9-46F1-4927-9472-958339D9F072} = {21672AA3-B4FE-4128-9198-C6D08846B30E}
		{73B0469E-42D7-4926-BA52-3F1BD5E1C174} = {21672AA3-B4FE-4128-9198-C6D08846B30E}
		{A506B21F-455E-4EEC-9F00-3083D818B408} = {21672AA3-B4FE-4128-9198-C6D08846B30E}
		{FBA6D898-AEFA-4A8B-8660-67DA4BF440F3} = {21672AA3-B4FE-4128-9198-C6D08846B30E}
		{ABA46636-75C8-4C97-9276-25E746AEDCC5} = {21672AA3-B4FE-4128-9198-C6D08846B30E}
		{E5A4AEC8-1B15-4A69-9872-CF1CDAEF3A0F} = {21672AA3-B4FE-4128-9198-C6D08846B30E}
		{E5727695-22AB-4765-9919-B1D134A6893F} = {21672AA3-B4FE-4128-9198-C6D08846B30E}
	EndGlobalSection
	GlobalSection(ExtensibilityGlobals) = postSolution
		SolutionGuid = {412B26DA-2678-42AB-8CEF-46FAA4A21408}
	EndGlobalSection
EndGlobal
